
Microsoft Visual Studio Solution File, Format Version 12.00
# Visual Studio Version 16
VisualStudioVersion = 16.0.30611.23
MinimumVisualStudioVersion = 10.0.40219.1
Project("{9A19103F-16F7-4668-BE54-9A1E7A4F7556}") = "HelloSharp", "HelloSharp\HelloSharp.csproj", "{BB403261-65FD-424E-89CF-C63223F1A30B}"
EndProject
Project("{9A19103F-16F7-4668-BE54-9A1E7A4F7556}") = "RadtoDeg", "RadtoDeg\RadtoDeg.csproj", "{8A805D70-A140-40C7-9695-14ACFCC00673}"
EndProject
Project("{9A19103F-16F7-4668-BE54-9A1E7A4F7556}") = "depisitCalc", "depisitCalc\depisitCalc.csproj", "{760AE626-2ACA-4DDA-AD31-FA8828E2747F}"
EndProject
Project("{9A19103F-16F7-4668-BE54-9A1E7A4F7556}") = "Vacation books list", "Vacation books list\Vacation books list.csproj", "{B8E90C47-72FF-4DDF-925D-AA354C309A0C}"
EndProject
Project("{9A19103F-16F7-4668-BE54-9A1E7A4F7556}") = "CharityCampain", "CharityCampain\CharityCampain.csproj", "{1DE89CD5-DFC3-4E6D-8740-EF993FBDB85D}"
EndProject
Project("{9A19103F-16F7-4668-BE54-9A1E7A4F7556}") = "FishTank", "FishTank\FishTank.csproj", "{23871362-8CA0-4670-94CD-98D8DFA628D0}"
EndProject
Project("{9A19103F-16F7-4668-BE54-9A1E7A4F7556}") = "BirthdayParty", "BirthdayParty\BirthdayParty.csproj", "{304C1A04-4D5C-4AC0-A8C8-43C7B931A41F}"
EndProject
Project("{9A19103F-16F7-4668-BE54-9A1E7A4F7556}") = "FruitMarket", "FruitMarket\FruitMarket.csproj", "{F9AFEB28-3903-473E-9582-0F09A38C7A0D}"
EndProject
Project("{9A19103F-16F7-4668-BE54-9A1E7A4F7556}") = "ExcelentResult", "ExcelentResult\ExcelentResult.csproj", "{126D585E-F196-4EFA-8387-3AB851EA03E2}"
EndProject
Project("{9A19103F-16F7-4668-BE54-9A1E7A4F7556}") = "GreaterNumber", "GreaterNumber\GreaterNumber.csproj", "{5076833A-4828-42D8-893A-0B1A70229B52}"
EndProject
Project("{9A19103F-16F7-4668-BE54-9A1E7A4F7556}") = "EvenOrOdd", "EvenOrOdd\EvenOrOdd.csproj", "{AD59F1FD-BB04-4DEC-B45B-AC2369A07CBC}"
EndProject
Project("{9A19103F-16F7-4668-BE54-9A1E7A4F7556}") = "Number 100-200", "Number 100-200\Number 100-200.csproj", "{CD2F7FE3-B557-4C44-BEF4-3E7CBE1C9A86}"
EndProject
Project("{9A19103F-16F7-4668-BE54-9A1E7A4F7556}") = "GuessPassword", "GuessPassword\GuessPassword.csproj", "{2DC7DFD0-0AA3-4F92-A8E5-5FB826849BEE}"
EndProject
Project("{9A19103F-16F7-4668-BE54-9A1E7A4F7556}") = "AreaOfFigures", "AreaOfFigures\AreaOfFigures.csproj", "{B89B19F1-E660-48CA-ACD3-9ABEBD6403A0}"
EndProject
Project("{9A19103F-16F7-4668-BE54-9A1E7A4F7556}") = "Petya'sShop", "Petya'sShop\Petya'sShop.csproj", "{D5099137-833B-41FB-95BC-26BF8EE2AFFF}"
EndProject
Project("{9A19103F-16F7-4668-BE54-9A1E7A4F7556}") = "SumSeconds", "SumSeconds\SumSeconds.csproj", "{4209A316-4740-4657-9595-C6348FDB0058}"
EndProject
Project("{9A19103F-16F7-4668-BE54-9A1E7A4F7556}") = "BonusPoints", "BonusPoints\BonusPoints.csproj", "{CC37F154-5E45-4684-8D9E-C6CD2FFF2059}"
EndProject
Project("{9A19103F-16F7-4668-BE54-9A1E7A4F7556}") = "SpeedInfo", "SpeedInfo\SpeedInfo.csproj", "{24FE0EDD-FCAA-4FD7-AECB-DDB05FEA4207}"
EndProject
Project("{9A19103F-16F7-4668-BE54-9A1E7A4F7556}") = "LenghtConvertor", "LenghtConvertor\LenghtConvertor.csproj", "{9B533803-420F-403F-A00E-5EA392226250}"
EndProject
Project("{9A19103F-16F7-4668-BE54-9A1E7A4F7556}") = "TimePlusFifteen", "TimePlusFifteen\TimePlusFifteen.csproj", "{593B3E9C-5464-412D-8A47-DA83BD69A100}"
EndProject
Project("{9A19103F-16F7-4668-BE54-9A1E7A4F7556}") = "GodzilaVsKong", "GodzilaVsKong\GodzilaVsKong.csproj", "{495C6FA9-A10E-4407-9B6F-2ADD8CFF18C5}"
EndProject
Project("{9A19103F-16F7-4668-BE54-9A1E7A4F7556}") = "SwimmingRecords", "SwimmingRecords\SwimmingRecords.csproj", "{2F304737-4788-4DEF-BCC0-DE342DD4D78D}"
EndProject
Project("{9A19103F-16F7-4668-BE54-9A1E7A4F7556}") = "Scholarship", "Scholarship\Scholarship.csproj", "{E69A41D9-DB1F-4BFD-9324-C7F93F0BB7B9}"
EndProject
Project("{FAE04EC0-301F-11D3-BF4B-00C04F79EFBC}") = "DayOfWeek", "DayOfWeek\DayOfWeek.csproj", "{E2410586-D72D-4C86-BB89-17EA98139951}"
EndProject
Project("{FAE04EC0-301F-11D3-BF4B-00C04F79EFBC}") = "DayOfWeekVer2", "DayOfWeekVer2\DayOfWeekVer2.csproj", "{5D0E3499-00AC-4942-A943-569B3913A9D6}"
EndProject
Project("{FAE04EC0-301F-11D3-BF4B-00C04F79EFBC}") = "ClassAnimal", "ClassAnimal\ClassAnimal.csproj", "{DCCAC65C-8E3B-4FF1-A91D-5A1C7252E629}"
EndProject
Project("{FAE04EC0-301F-11D3-BF4B-00C04F79EFBC}") = "PersonalTitles", "PersonalTitles\PersonalTitles.csproj", "{9E8AF448-D555-43D5-8EC1-27165A19DA6C}"
EndProject
Project("{FAE04EC0-301F-11D3-BF4B-00C04F79EFBC}") = "SmallShop", "SmallShop\SmallShop.csproj", "{0D29B69C-F80C-4A76-BA9D-5427BE0CCAA6}"
EndProject
Project("{FAE04EC0-301F-11D3-BF4B-00C04F79EFBC}") = "ArrayOfNumbers-100to100", "ArrayOfNumbers-100to100\ArrayOfNumbers-100to100.csproj", "{2B52AF8D-77D8-481C-853D-EF543598AE97}"
EndProject
Project("{FAE04EC0-301F-11D3-BF4B-00C04F79EFBC}") = "ShopWorkingTime", "ShopWorkingTime\ShopWorkingTime.csproj", "{E27DACD4-CD3D-424E-83AC-D822CFC84E61}"
EndProject
Project("{FAE04EC0-301F-11D3-BF4B-00C04F79EFBC}") = "CinemaTickets", "CinemaTickets\CinemaTickets.csproj", "{A6569FCF-F0FB-4784-8847-EF0D200DC5D2}"
EndProject
Project("{FAE04EC0-301F-11D3-BF4B-00C04F79EFBC}") = "FruitOrVegetable", "FruitOrVegetable\FruitOrVegetable.csproj", "{EDA4136D-1349-4DD4-A26C-878F4E1EB8A7}"
EndProject
Project("{FAE04EC0-301F-11D3-BF4B-00C04F79EFBC}") = "InvalidNumber", "InvalidNumber\InvalidNumber.csproj", "{2C374C44-42DF-44DD-9F66-C47D4695450C}"
EndProject
Project("{FAE04EC0-301F-11D3-BF4B-00C04F79EFBC}") = "FruitShop", "FruitShop\FruitShop.csproj", "{14FED827-066E-4BFA-913F-644FFA72759E}"
EndProject
Project("{FAE04EC0-301F-11D3-BF4B-00C04F79EFBC}") = "TradeCommision", "TradeCommision\TradeCommision.csproj", "{A99C2CC2-03C3-4142-ACBC-8E64737B0E31}"
EndProject
Project("{FAE04EC0-301F-11D3-BF4B-00C04F79EFBC}") = "SkiVacation", "SkiVacation\SkiVacation.csproj", "{4B5B09C2-DD39-4C13-8539-4AE7985777E1}"
EndProject
Global
	GlobalSection(SolutionConfigurationPlatforms) = preSolution
		Debug|Any CPU = Debug|Any CPU
		Release|Any CPU = Release|Any CPU
	EndGlobalSection
	GlobalSection(ProjectConfigurationPlatforms) = postSolution
		{BB403261-65FD-424E-89CF-C63223F1A30B}.Debug|Any CPU.ActiveCfg = Debug|Any CPU
		{BB403261-65FD-424E-89CF-C63223F1A30B}.Debug|Any CPU.Build.0 = Debug|Any CPU
		{BB403261-65FD-424E-89CF-C63223F1A30B}.Release|Any CPU.ActiveCfg = Release|Any CPU
		{BB403261-65FD-424E-89CF-C63223F1A30B}.Release|Any CPU.Build.0 = Release|Any CPU
		{8A805D70-A140-40C7-9695-14ACFCC00673}.Debug|Any CPU.ActiveCfg = Debug|Any CPU
		{8A805D70-A140-40C7-9695-14ACFCC00673}.Debug|Any CPU.Build.0 = Debug|Any CPU
		{8A805D70-A140-40C7-9695-14ACFCC00673}.Release|Any CPU.ActiveCfg = Release|Any CPU
		{8A805D70-A140-40C7-9695-14ACFCC00673}.Release|Any CPU.Build.0 = Release|Any CPU
		{760AE626-2ACA-4DDA-AD31-FA8828E2747F}.Debug|Any CPU.ActiveCfg = Debug|Any CPU
		{760AE626-2ACA-4DDA-AD31-FA8828E2747F}.Debug|Any CPU.Build.0 = Debug|Any CPU
		{760AE626-2ACA-4DDA-AD31-FA8828E2747F}.Release|Any CPU.ActiveCfg = Release|Any CPU
		{760AE626-2ACA-4DDA-AD31-FA8828E2747F}.Release|Any CPU.Build.0 = Release|Any CPU
		{B8E90C47-72FF-4DDF-925D-AA354C309A0C}.Debug|Any CPU.ActiveCfg = Debug|Any CPU
		{B8E90C47-72FF-4DDF-925D-AA354C309A0C}.Debug|Any CPU.Build.0 = Debug|Any CPU
		{B8E90C47-72FF-4DDF-925D-AA354C309A0C}.Release|Any CPU.ActiveCfg = Release|Any CPU
		{B8E90C47-72FF-4DDF-925D-AA354C309A0C}.Release|Any CPU.Build.0 = Release|Any CPU
		{1DE89CD5-DFC3-4E6D-8740-EF993FBDB85D}.Debug|Any CPU.ActiveCfg = Debug|Any CPU
		{1DE89CD5-DFC3-4E6D-8740-EF993FBDB85D}.Debug|Any CPU.Build.0 = Debug|Any CPU
		{1DE89CD5-DFC3-4E6D-8740-EF993FBDB85D}.Release|Any CPU.ActiveCfg = Release|Any CPU
		{1DE89CD5-DFC3-4E6D-8740-EF993FBDB85D}.Release|Any CPU.Build.0 = Release|Any CPU
		{23871362-8CA0-4670-94CD-98D8DFA628D0}.Debug|Any CPU.ActiveCfg = Debug|Any CPU
		{23871362-8CA0-4670-94CD-98D8DFA628D0}.Debug|Any CPU.Build.0 = Debug|Any CPU
		{23871362-8CA0-4670-94CD-98D8DFA628D0}.Release|Any CPU.ActiveCfg = Release|Any CPU
		{23871362-8CA0-4670-94CD-98D8DFA628D0}.Release|Any CPU.Build.0 = Release|Any CPU
		{304C1A04-4D5C-4AC0-A8C8-43C7B931A41F}.Debug|Any CPU.ActiveCfg = Debug|Any CPU
		{304C1A04-4D5C-4AC0-A8C8-43C7B931A41F}.Debug|Any CPU.Build.0 = Debug|Any CPU
		{304C1A04-4D5C-4AC0-A8C8-43C7B931A41F}.Release|Any CPU.ActiveCfg = Release|Any CPU
		{304C1A04-4D5C-4AC0-A8C8-43C7B931A41F}.Release|Any CPU.Build.0 = Release|Any CPU
		{F9AFEB28-3903-473E-9582-0F09A38C7A0D}.Debug|Any CPU.ActiveCfg = Debug|Any CPU
		{F9AFEB28-3903-473E-9582-0F09A38C7A0D}.Debug|Any CPU.Build.0 = Debug|Any CPU
		{F9AFEB28-3903-473E-9582-0F09A38C7A0D}.Release|Any CPU.ActiveCfg = Release|Any CPU
		{F9AFEB28-3903-473E-9582-0F09A38C7A0D}.Release|Any CPU.Build.0 = Release|Any CPU
		{126D585E-F196-4EFA-8387-3AB851EA03E2}.Debug|Any CPU.ActiveCfg = Debug|Any CPU
		{126D585E-F196-4EFA-8387-3AB851EA03E2}.Debug|Any CPU.Build.0 = Debug|Any CPU
		{126D585E-F196-4EFA-8387-3AB851EA03E2}.Release|Any CPU.ActiveCfg = Release|Any CPU
		{126D585E-F196-4EFA-8387-3AB851EA03E2}.Release|Any CPU.Build.0 = Release|Any CPU
		{5076833A-4828-42D8-893A-0B1A70229B52}.Debug|Any CPU.ActiveCfg = Debug|Any CPU
		{5076833A-4828-42D8-893A-0B1A70229B52}.Debug|Any CPU.Build.0 = Debug|Any CPU
		{5076833A-4828-42D8-893A-0B1A70229B52}.Release|Any CPU.ActiveCfg = Release|Any CPU
		{5076833A-4828-42D8-893A-0B1A70229B52}.Release|Any CPU.Build.0 = Release|Any CPU
		{AD59F1FD-BB04-4DEC-B45B-AC2369A07CBC}.Debug|Any CPU.ActiveCfg = Debug|Any CPU
		{AD59F1FD-BB04-4DEC-B45B-AC2369A07CBC}.Debug|Any CPU.Build.0 = Debug|Any CPU
		{AD59F1FD-BB04-4DEC-B45B-AC2369A07CBC}.Release|Any CPU.ActiveCfg = Release|Any CPU
		{AD59F1FD-BB04-4DEC-B45B-AC2369A07CBC}.Release|Any CPU.Build.0 = Release|Any CPU
		{CD2F7FE3-B557-4C44-BEF4-3E7CBE1C9A86}.Debug|Any CPU.ActiveCfg = Debug|Any CPU
		{CD2F7FE3-B557-4C44-BEF4-3E7CBE1C9A86}.Debug|Any CPU.Build.0 = Debug|Any CPU
		{CD2F7FE3-B557-4C44-BEF4-3E7CBE1C9A86}.Release|Any CPU.ActiveCfg = Release|Any CPU
		{CD2F7FE3-B557-4C44-BEF4-3E7CBE1C9A86}.Release|Any CPU.Build.0 = Release|Any CPU
		{2DC7DFD0-0AA3-4F92-A8E5-5FB826849BEE}.Debug|Any CPU.ActiveCfg = Debug|Any CPU
		{2DC7DFD0-0AA3-4F92-A8E5-5FB826849BEE}.Debug|Any CPU.Build.0 = Debug|Any CPU
		{2DC7DFD0-0AA3-4F92-A8E5-5FB826849BEE}.Release|Any CPU.ActiveCfg = Release|Any CPU
		{2DC7DFD0-0AA3-4F92-A8E5-5FB826849BEE}.Release|Any CPU.Build.0 = Release|Any CPU
		{B89B19F1-E660-48CA-ACD3-9ABEBD6403A0}.Debug|Any CPU.ActiveCfg = Debug|Any CPU
		{B89B19F1-E660-48CA-ACD3-9ABEBD6403A0}.Debug|Any CPU.Build.0 = Debug|Any CPU
		{B89B19F1-E660-48CA-ACD3-9ABEBD6403A0}.Release|Any CPU.ActiveCfg = Release|Any CPU
		{B89B19F1-E660-48CA-ACD3-9ABEBD6403A0}.Release|Any CPU.Build.0 = Release|Any CPU
		{D5099137-833B-41FB-95BC-26BF8EE2AFFF}.Debug|Any CPU.ActiveCfg = Debug|Any CPU
		{D5099137-833B-41FB-95BC-26BF8EE2AFFF}.Debug|Any CPU.Build.0 = Debug|Any CPU
		{D5099137-833B-41FB-95BC-26BF8EE2AFFF}.Release|Any CPU.ActiveCfg = Release|Any CPU
		{D5099137-833B-41FB-95BC-26BF8EE2AFFF}.Release|Any CPU.Build.0 = Release|Any CPU
		{4209A316-4740-4657-9595-C6348FDB0058}.Debug|Any CPU.ActiveCfg = Debug|Any CPU
		{4209A316-4740-4657-9595-C6348FDB0058}.Debug|Any CPU.Build.0 = Debug|Any CPU
		{4209A316-4740-4657-9595-C6348FDB0058}.Release|Any CPU.ActiveCfg = Release|Any CPU
		{4209A316-4740-4657-9595-C6348FDB0058}.Release|Any CPU.Build.0 = Release|Any CPU
		{CC37F154-5E45-4684-8D9E-C6CD2FFF2059}.Debug|Any CPU.ActiveCfg = Debug|Any CPU
		{CC37F154-5E45-4684-8D9E-C6CD2FFF2059}.Debug|Any CPU.Build.0 = Debug|Any CPU
		{CC37F154-5E45-4684-8D9E-C6CD2FFF2059}.Release|Any CPU.ActiveCfg = Release|Any CPU
		{CC37F154-5E45-4684-8D9E-C6CD2FFF2059}.Release|Any CPU.Build.0 = Release|Any CPU
		{24FE0EDD-FCAA-4FD7-AECB-DDB05FEA4207}.Debug|Any CPU.ActiveCfg = Debug|Any CPU
		{24FE0EDD-FCAA-4FD7-AECB-DDB05FEA4207}.Debug|Any CPU.Build.0 = Debug|Any CPU
		{24FE0EDD-FCAA-4FD7-AECB-DDB05FEA4207}.Release|Any CPU.ActiveCfg = Release|Any CPU
		{24FE0EDD-FCAA-4FD7-AECB-DDB05FEA4207}.Release|Any CPU.Build.0 = Release|Any CPU
		{9B533803-420F-403F-A00E-5EA392226250}.Debug|Any CPU.ActiveCfg = Debug|Any CPU
		{9B533803-420F-403F-A00E-5EA392226250}.Debug|Any CPU.Build.0 = Debug|Any CPU
		{9B533803-420F-403F-A00E-5EA392226250}.Release|Any CPU.ActiveCfg = Release|Any CPU
		{9B533803-420F-403F-A00E-5EA392226250}.Release|Any CPU.Build.0 = Release|Any CPU
		{593B3E9C-5464-412D-8A47-DA83BD69A100}.Debug|Any CPU.ActiveCfg = Debug|Any CPU
		{593B3E9C-5464-412D-8A47-DA83BD69A100}.Debug|Any CPU.Build.0 = Debug|Any CPU
		{593B3E9C-5464-412D-8A47-DA83BD69A100}.Release|Any CPU.ActiveCfg = Release|Any CPU
		{593B3E9C-5464-412D-8A47-DA83BD69A100}.Release|Any CPU.Build.0 = Release|Any CPU
		{495C6FA9-A10E-4407-9B6F-2ADD8CFF18C5}.Debug|Any CPU.ActiveCfg = Debug|Any CPU
		{495C6FA9-A10E-4407-9B6F-2ADD8CFF18C5}.Debug|Any CPU.Build.0 = Debug|Any CPU
		{495C6FA9-A10E-4407-9B6F-2ADD8CFF18C5}.Release|Any CPU.ActiveCfg = Release|Any CPU
		{495C6FA9-A10E-4407-9B6F-2ADD8CFF18C5}.Release|Any CPU.Build.0 = Release|Any CPU
		{2F304737-4788-4DEF-BCC0-DE342DD4D78D}.Debug|Any CPU.ActiveCfg = Debug|Any CPU
		{2F304737-4788-4DEF-BCC0-DE342DD4D78D}.Debug|Any CPU.Build.0 = Debug|Any CPU
		{2F304737-4788-4DEF-BCC0-DE342DD4D78D}.Release|Any CPU.ActiveCfg = Release|Any CPU
		{2F304737-4788-4DEF-BCC0-DE342DD4D78D}.Release|Any CPU.Build.0 = Release|Any CPU
		{E69A41D9-DB1F-4BFD-9324-C7F93F0BB7B9}.Debug|Any CPU.ActiveCfg = Debug|Any CPU
		{E69A41D9-DB1F-4BFD-9324-C7F93F0BB7B9}.Debug|Any CPU.Build.0 = Debug|Any CPU
		{E69A41D9-DB1F-4BFD-9324-C7F93F0BB7B9}.Release|Any CPU.ActiveCfg = Release|Any CPU
		{E69A41D9-DB1F-4BFD-9324-C7F93F0BB7B9}.Release|Any CPU.Build.0 = Release|Any CPU
		{E2410586-D72D-4C86-BB89-17EA98139951}.Debug|Any CPU.ActiveCfg = Debug|Any CPU
		{E2410586-D72D-4C86-BB89-17EA98139951}.Debug|Any CPU.Build.0 = Debug|Any CPU
		{E2410586-D72D-4C86-BB89-17EA98139951}.Release|Any CPU.ActiveCfg = Release|Any CPU
		{E2410586-D72D-4C86-BB89-17EA98139951}.Release|Any CPU.Build.0 = Release|Any CPU
		{5D0E3499-00AC-4942-A943-569B3913A9D6}.Debug|Any CPU.ActiveCfg = Debug|Any CPU
		{5D0E3499-00AC-4942-A943-569B3913A9D6}.Debug|Any CPU.Build.0 = Debug|Any CPU
		{5D0E3499-00AC-4942-A943-569B3913A9D6}.Release|Any CPU.ActiveCfg = Release|Any CPU
		{5D0E3499-00AC-4942-A943-569B3913A9D6}.Release|Any CPU.Build.0 = Release|Any CPU
		{DCCAC65C-8E3B-4FF1-A91D-5A1C7252E629}.Debug|Any CPU.ActiveCfg = Debug|Any CPU
		{DCCAC65C-8E3B-4FF1-A91D-5A1C7252E629}.Debug|Any CPU.Build.0 = Debug|Any CPU
		{DCCAC65C-8E3B-4FF1-A91D-5A1C7252E629}.Release|Any CPU.ActiveCfg = Release|Any CPU
		{DCCAC65C-8E3B-4FF1-A91D-5A1C7252E629}.Release|Any CPU.Build.0 = Release|Any CPU
		{9E8AF448-D555-43D5-8EC1-27165A19DA6C}.Debug|Any CPU.ActiveCfg = Debug|Any CPU
		{9E8AF448-D555-43D5-8EC1-27165A19DA6C}.Debug|Any CPU.Build.0 = Debug|Any CPU
		{9E8AF448-D555-43D5-8EC1-27165A19DA6C}.Release|Any CPU.ActiveCfg = Release|Any CPU
		{9E8AF448-D555-43D5-8EC1-27165A19DA6C}.Release|Any CPU.Build.0 = Release|Any CPU
		{0D29B69C-F80C-4A76-BA9D-5427BE0CCAA6}.Debug|Any CPU.ActiveCfg = Debug|Any CPU
		{0D29B69C-F80C-4A76-BA9D-5427BE0CCAA6}.Debug|Any CPU.Build.0 = Debug|Any CPU
		{0D29B69C-F80C-4A76-BA9D-5427BE0CCAA6}.Release|Any CPU.ActiveCfg = Release|Any CPU
		{0D29B69C-F80C-4A76-BA9D-5427BE0CCAA6}.Release|Any CPU.Build.0 = Release|Any CPU
		{2B52AF8D-77D8-481C-853D-EF543598AE97}.Debug|Any CPU.ActiveCfg = Debug|Any CPU
		{2B52AF8D-77D8-481C-853D-EF543598AE97}.Debug|Any CPU.Build.0 = Debug|Any CPU
		{2B52AF8D-77D8-481C-853D-EF543598AE97}.Release|Any CPU.ActiveCfg = Release|Any CPU
		{2B52AF8D-77D8-481C-853D-EF543598AE97}.Release|Any CPU.Build.0 = Release|Any CPU
		{E27DACD4-CD3D-424E-83AC-D822CFC84E61}.Debug|Any CPU.ActiveCfg = Debug|Any CPU
		{E27DACD4-CD3D-424E-83AC-D822CFC84E61}.Debug|Any CPU.Build.0 = Debug|Any CPU
		{E27DACD4-CD3D-424E-83AC-D822CFC84E61}.Release|Any CPU.ActiveCfg = Release|Any CPU
		{E27DACD4-CD3D-424E-83AC-D822CFC84E61}.Release|Any CPU.Build.0 = Release|Any CPU
		{A6569FCF-F0FB-4784-8847-EF0D200DC5D2}.Debug|Any CPU.ActiveCfg = Debug|Any CPU
		{A6569FCF-F0FB-4784-8847-EF0D200DC5D2}.Debug|Any CPU.Build.0 = Debug|Any CPU
		{A6569FCF-F0FB-4784-8847-EF0D200DC5D2}.Release|Any CPU.ActiveCfg = Release|Any CPU
		{A6569FCF-F0FB-4784-8847-EF0D200DC5D2}.Release|Any CPU.Build.0 = Release|Any CPU
		{EDA4136D-1349-4DD4-A26C-878F4E1EB8A7}.Debug|Any CPU.ActiveCfg = Debug|Any CPU
		{EDA4136D-1349-4DD4-A26C-878F4E1EB8A7}.Debug|Any CPU.Build.0 = Debug|Any CPU
		{EDA4136D-1349-4DD4-A26C-878F4E1EB8A7}.Release|Any CPU.ActiveCfg = Release|Any CPU
		{EDA4136D-1349-4DD4-A26C-878F4E1EB8A7}.Release|Any CPU.Build.0 = Release|Any CPU
		{2C374C44-42DF-44DD-9F66-C47D4695450C}.Debug|Any CPU.ActiveCfg = Debug|Any CPU
		{2C374C44-42DF-44DD-9F66-C47D4695450C}.Debug|Any CPU.Build.0 = Debug|Any CPU
		{2C374C44-42DF-44DD-9F66-C47D4695450C}.Release|Any CPU.ActiveCfg = Release|Any CPU
		{2C374C44-42DF-44DD-9F66-C47D4695450C}.Release|Any CPU.Build.0 = Release|Any CPU
		{14FED827-066E-4BFA-913F-644FFA72759E}.Debug|Any CPU.ActiveCfg = Debug|Any CPU
		{14FED827-066E-4BFA-913F-644FFA72759E}.Debug|Any CPU.Build.0 = Debug|Any CPU
		{14FED827-066E-4BFA-913F-644FFA72759E}.Release|Any CPU.ActiveCfg = Release|Any CPU
		{14FED827-066E-4BFA-913F-644FFA72759E}.Release|Any CPU.Build.0 = Release|Any CPU
		{A99C2CC2-03C3-4142-ACBC-8E64737B0E31}.Debug|Any CPU.ActiveCfg = Debug|Any CPU
		{A99C2CC2-03C3-4142-ACBC-8E64737B0E31}.Debug|Any CPU.Build.0 = Debug|Any CPU
		{A99C2CC2-03C3-4142-ACBC-8E64737B0E31}.Release|Any CPU.ActiveCfg = Release|Any CPU
		{A99C2CC2-03C3-4142-ACBC-8E64737B0E31}.Release|Any CPU.Build.0 = Release|Any CPU
		{4B5B09C2-DD39-4C13-8539-4AE7985777E1}.Debug|Any CPU.ActiveCfg = Debug|Any CPU
		{4B5B09C2-DD39-4C13-8539-4AE7985777E1}.Debug|Any CPU.Build.0 = Debug|Any CPU
		{4B5B09C2-DD39-4C13-8539-4AE7985777E1}.Release|Any CPU.ActiveCfg = Release|Any CPU
		{4B5B09C2-DD39-4C13-8539-4AE7985777E1}.Release|Any CPU.Build.0 = Release|Any CPU
	EndGlobalSection
	GlobalSection(SolutionProperties) = preSolution
		HideSolutionNode = FALSE
	EndGlobalSection
	GlobalSection(ExtensibilityGlobals) = postSolution
		SolutionGuid = {102C099F-AE35-49D3-8F0A-DE45D9951E6A}
	EndGlobalSection
EndGlobal
