
Microsoft Visual Studio Solution File, Format Version 12.00
# Visual Studio Version 16
VisualStudioVersion = 16.0.30611.23
MinimumVisualStudioVersion = 10.0.40219.1
Project("{9A19103F-16F7-4668-BE54-9A1E7A4F7556}") = "HelloSharp", "HelloSharp\HelloSharp.csproj", "{BB403261-65FD-424E-89CF-C63223F1A30B}"
EndProject
Project("{9A19103F-16F7-4668-BE54-9A1E7A4F7556}") = "RadtoDeg", "RadtoDeg\RadtoDeg.csproj", "{8A805D70-A140-40C7-9695-14ACFCC00673}"
EndProject
Project("{9A19103F-16F7-4668-BE54-9A1E7A4F7556}") = "depisitCalc", "depisitCalc\depisitCalc.csproj", "{760AE626-2ACA-4DDA-AD31-FA8828E2747F}"
EndProject
Project("{9A19103F-16F7-4668-BE54-9A1E7A4F7556}") = "Vacation books list", "Vacation books list\Vacation books list.csproj", "{B8E90C47-72FF-4DDF-925D-AA354C309A0C}"
EndProject
Project("{9A19103F-16F7-4668-BE54-9A1E7A4F7556}") = "CharityCampain", "CharityCampain\CharityCampain.csproj", "{1DE89CD5-DFC3-4E6D-8740-EF993FBDB85D}"
EndProject
Project("{9A19103F-16F7-4668-BE54-9A1E7A4F7556}") = "FishTank", "FishTank\FishTank.csproj", "{23871362-8CA0-4670-94CD-98D8DFA628D0}"
EndProject
Project("{9A19103F-16F7-4668-BE54-9A1E7A4F7556}") = "BirthdayParty", "BirthdayParty\BirthdayParty.csproj", "{304C1A04-4D5C-4AC0-A8C8-43C7B931A41F}"
EndProject
Project("{9A19103F-16F7-4668-BE54-9A1E7A4F7556}") = "FruitMarket", "FruitMarket\FruitMarket.csproj", "{F9AFEB28-3903-473E-9582-0F09A38C7A0D}"
EndProject
Project("{9A19103F-16F7-4668-BE54-9A1E7A4F7556}") = "ExcelentResult", "ExcelentResult\ExcelentResult.csproj", "{126D585E-F196-4EFA-8387-3AB851EA03E2}"
EndProject
Project("{9A19103F-16F7-4668-BE54-9A1E7A4F7556}") = "GreaterNumber", "GreaterNumber\GreaterNumber.csproj", "{5076833A-4828-42D8-893A-0B1A70229B52}"
EndProject
Project("{9A19103F-16F7-4668-BE54-9A1E7A4F7556}") = "EvenOrOdd", "EvenOrOdd\EvenOrOdd.csproj", "{AD59F1FD-BB04-4DEC-B45B-AC2369A07CBC}"
EndProject
Project("{9A19103F-16F7-4668-BE54-9A1E7A4F7556}") = "Number 100-200", "Number 100-200\Number 100-200.csproj", "{CD2F7FE3-B557-4C44-BEF4-3E7CBE1C9A86}"
EndProject
Project("{9A19103F-16F7-4668-BE54-9A1E7A4F7556}") = "GuessPassword", "GuessPassword\GuessPassword.csproj", "{2DC7DFD0-0AA3-4F92-A8E5-5FB826849BEE}"
EndProject
Project("{9A19103F-16F7-4668-BE54-9A1E7A4F7556}") = "AreaOfFigures", "AreaOfFigures\AreaOfFigures.csproj", "{B89B19F1-E660-48CA-ACD3-9ABEBD6403A0}"
EndProject
Project("{9A19103F-16F7-4668-BE54-9A1E7A4F7556}") = "Petya'sShop", "Petya'sShop\Petya'sShop.csproj", "{D5099137-833B-41FB-95BC-26BF8EE2AFFF}"
EndProject
Project("{9A19103F-16F7-4668-BE54-9A1E7A4F7556}") = "SumSeconds", "SumSeconds\SumSeconds.csproj", "{4209A316-4740-4657-9595-C6348FDB0058}"
EndProject
Project("{9A19103F-16F7-4668-BE54-9A1E7A4F7556}") = "BonusPoints", "BonusPoints\BonusPoints.csproj", "{CC37F154-5E45-4684-8D9E-C6CD2FFF2059}"
EndProject
Project("{9A19103F-16F7-4668-BE54-9A1E7A4F7556}") = "SpeedInfo", "SpeedInfo\SpeedInfo.csproj", "{24FE0EDD-FCAA-4FD7-AECB-DDB05FEA4207}"
EndProject
Project("{9A19103F-16F7-4668-BE54-9A1E7A4F7556}") = "LenghtConvertor", "LenghtConvertor\LenghtConvertor.csproj", "{9B533803-420F-403F-A00E-5EA392226250}"
EndProject
Project("{9A19103F-16F7-4668-BE54-9A1E7A4F7556}") = "TimePlusFifteen", "TimePlusFifteen\TimePlusFifteen.csproj", "{593B3E9C-5464-412D-8A47-DA83BD69A100}"
EndProject
Project("{9A19103F-16F7-4668-BE54-9A1E7A4F7556}") = "GodzilaVsKong", "GodzilaVsKong\GodzilaVsKong.csproj", "{495C6FA9-A10E-4407-9B6F-2ADD8CFF18C5}"
EndProject
Project("{9A19103F-16F7-4668-BE54-9A1E7A4F7556}") = "SwimmingRecords", "SwimmingRecords\SwimmingRecords.csproj", "{2F304737-4788-4DEF-BCC0-DE342DD4D78D}"
EndProject
Project("{9A19103F-16F7-4668-BE54-9A1E7A4F7556}") = "Scholarship", "Scholarship\Scholarship.csproj", "{E69A41D9-DB1F-4BFD-9324-C7F93F0BB7B9}"
EndProject
Project("{9A19103F-16F7-4668-BE54-9A1E7A4F7556}") = "DayOfWeek", "DayOfWeek\DayOfWeek.csproj", "{E2410586-D72D-4C86-BB89-17EA98139951}"
EndProject
Project("{9A19103F-16F7-4668-BE54-9A1E7A4F7556}") = "DayOfWeekVer2", "DayOfWeekVer2\DayOfWeekVer2.csproj", "{5D0E3499-00AC-4942-A943-569B3913A9D6}"
EndProject
Project("{9A19103F-16F7-4668-BE54-9A1E7A4F7556}") = "ClassAnimal", "ClassAnimal\ClassAnimal.csproj", "{DCCAC65C-8E3B-4FF1-A91D-5A1C7252E629}"
EndProject
Project("{9A19103F-16F7-4668-BE54-9A1E7A4F7556}") = "PersonalTitles", "PersonalTitles\PersonalTitles.csproj", "{9E8AF448-D555-43D5-8EC1-27165A19DA6C}"
EndProject
Project("{9A19103F-16F7-4668-BE54-9A1E7A4F7556}") = "SmallShop", "SmallShop\SmallShop.csproj", "{0D29B69C-F80C-4A76-BA9D-5427BE0CCAA6}"
EndProject
Project("{9A19103F-16F7-4668-BE54-9A1E7A4F7556}") = "ArrayOfNumbers-100to100", "ArrayOfNumbers-100to100\ArrayOfNumbers-100to100.csproj", "{2B52AF8D-77D8-481C-853D-EF543598AE97}"
EndProject
Project("{9A19103F-16F7-4668-BE54-9A1E7A4F7556}") = "ShopWorkingTime", "ShopWorkingTime\ShopWorkingTime.csproj", "{E27DACD4-CD3D-424E-83AC-D822CFC84E61}"
EndProject
Project("{9A19103F-16F7-4668-BE54-9A1E7A4F7556}") = "CinemaTickets", "CinemaTickets\CinemaTickets.csproj", "{A6569FCF-F0FB-4784-8847-EF0D200DC5D2}"
EndProject
Project("{9A19103F-16F7-4668-BE54-9A1E7A4F7556}") = "FruitOrVegetable", "FruitOrVegetable\FruitOrVegetable.csproj", "{EDA4136D-1349-4DD4-A26C-878F4E1EB8A7}"
EndProject
Project("{9A19103F-16F7-4668-BE54-9A1E7A4F7556}") = "InvalidNumber", "InvalidNumber\InvalidNumber.csproj", "{2C374C44-42DF-44DD-9F66-C47D4695450C}"
EndProject
Project("{9A19103F-16F7-4668-BE54-9A1E7A4F7556}") = "FruitShop", "FruitShop\FruitShop.csproj", "{14FED827-066E-4BFA-913F-644FFA72759E}"
EndProject
Project("{9A19103F-16F7-4668-BE54-9A1E7A4F7556}") = "TradeCommision", "TradeCommision\TradeCommision.csproj", "{A99C2CC2-03C3-4142-ACBC-8E64737B0E31}"
EndProject
Project("{9A19103F-16F7-4668-BE54-9A1E7A4F7556}") = "SkiVacation", "SkiVacation\SkiVacation.csproj", "{4B5B09C2-DD39-4C13-8539-4AE7985777E1}"
EndProject
Project("{9A19103F-16F7-4668-BE54-9A1E7A4F7556}") = "Cinema", "Cinema\Cinema.csproj", "{672CA999-F9F2-4BD2-B752-B62B487E9B09}"
EndProject
Project("{9A19103F-16F7-4668-BE54-9A1E7A4F7556}") = "SummerOutfit", "SummerOutfit\SummerOutfit.csproj", "{ECD03050-B5A6-4B4D-A6BC-39C847DCF2F5}"
EndProject
Project("{9A19103F-16F7-4668-BE54-9A1E7A4F7556}") = "newHome", "newHome\newHome.csproj", "{788432EA-2466-4675-8E31-BC5D43E63CB1}"
EndProject
Project("{9A19103F-16F7-4668-BE54-9A1E7A4F7556}") = "FishingBoat", "FishingBoat\FishingBoat.csproj", "{374E9F39-5261-4DCB-A9FD-DEABD3B60CC7}"
EndProject
Project("{9A19103F-16F7-4668-BE54-9A1E7A4F7556}") = "OperationBetweenNumbers", "OperationBetweenNumbers\OperationBetweenNumbers.csproj", "{1BED20BA-7F67-487B-823F-84A8E92D32B7}"
EndProject
Project("{9A19103F-16F7-4668-BE54-9A1E7A4F7556}") = "HotelRoom", "HotelRoom\HotelRoom.csproj", "{4E98C726-065E-4E39-9BF6-6CEF727F4919}"
EndProject
Project("{9A19103F-16F7-4668-BE54-9A1E7A4F7556}") = "OnTimeForExam", "OnTimeForExam\OnTimeForExam.csproj", "{5D04B9F3-141C-4A85-BAF7-B2AE0018AACD}"
EndProject
Project("{9A19103F-16F7-4668-BE54-9A1E7A4F7556}") = "Volleyball", "Volleyball\Volleyball.csproj", "{617EA9FD-C692-4F77-9FFF-26BDE4E2CCBA}"
EndProject
Project("{9A19103F-16F7-4668-BE54-9A1E7A4F7556}") = "Numbers1To100", "Numbers1To100\Numbers1To100.csproj", "{8BDFD452-4C0E-480A-8EA2-850B7B3FC81D}"
EndProject
Project("{9A19103F-16F7-4668-BE54-9A1E7A4F7556}") = "NumbersFronNTo1", "NumbersFronNTo1\NumbersFronNTo1.csproj", "{EBD51E46-5DCC-4AB3-8BA0-31BCC0B73869}"
EndProject
Project("{9A19103F-16F7-4668-BE54-9A1E7A4F7556}") = "NumbersWithStep3", "NumbersWithStep3\NumbersWithStep3.csproj", "{165EDB27-3D3C-44A0-8794-B3D8E99CCB3E}"
EndProject
Project("{9A19103F-16F7-4668-BE54-9A1E7A4F7556}") = "EvenPowerOf2", "EvenPowerOf2\EvenPowerOf2.csproj", "{B38C625D-5E1C-4D2A-A9B4-8C4A7E1A8C3C}"
EndProject
Project("{9A19103F-16F7-4668-BE54-9A1E7A4F7556}") = "CharStream", "CharStream\CharStream.csproj", "{6F594897-1FAA-43A9-A0A5-02ACD1FE8B64}"
EndProject
Project("{9A19103F-16F7-4668-BE54-9A1E7A4F7556}") = "VowelsSum", "VowelsSum\VowelsSum.csproj", "{4E8DF772-F851-429D-B262-ED85001820E6}"
EndProject
Project("{9A19103F-16F7-4668-BE54-9A1E7A4F7556}") = "SumNumbers", "SumNumbers\SumNumbers.csproj", "{8DA54490-8A0A-4F4C-B5D1-9065BF666DD4}"
EndProject
Project("{9A19103F-16F7-4668-BE54-9A1E7A4F7556}") = "MinMaxNumber", "MinMaxNumber\MinMaxNumber.csproj", "{7F523C94-4356-4B0F-9122-B8FB5A470A50}"
EndProject
Project("{9A19103F-16F7-4668-BE54-9A1E7A4F7556}") = "LeftRightSum", "LeftRightSum\LeftRightSum.csproj", "{E2BBF9E2-147C-4C48-AFE0-852D8D2E9887}"
EndProject
Project("{9A19103F-16F7-4668-BE54-9A1E7A4F7556}") = "EvenOddSum", "EvenOddSum\EvenOddSum.csproj", "{60E77784-6BAE-4295-BB88-100C7BE97EBA}"
EndProject
Project("{9A19103F-16F7-4668-BE54-9A1E7A4F7556}") = "CleverLily", "CleverLily\CleverLily.csproj", "{611A5A53-6231-4F92-9C97-3DF378D9A208}"
EndProject
Project("{9A19103F-16F7-4668-BE54-9A1E7A4F7556}") = "NumbersEndingIn7", "NumbersEndingIn7\NumbersEndingIn7.csproj", "{180E4E5C-C730-4EB5-8DD3-8660BEF49552}"
EndProject
Project("{9A19103F-16F7-4668-BE54-9A1E7A4F7556}") = "HalfSumNumber", "HalfSumNumber\HalfSumNumber.csproj", "{EE74C810-8DD9-4895-8E6F-5A0BA6BCB034}"
EndProject
Project("{9A19103F-16F7-4668-BE54-9A1E7A4F7556}") = "OddEvenPosition", "OddEvenPosition\OddEvenPosition.csproj", "{47AC3235-3667-4539-B37D-8926A5DF6721}"
EndProject
Project("{9A19103F-16F7-4668-BE54-9A1E7A4F7556}") = "Histogram", "Histogram\Histogram.csproj", "{1EC3296B-BFF4-4644-9510-82BF98C744B8}"
EndProject
Project("{9A19103F-16F7-4668-BE54-9A1E7A4F7556}") = "DivideWithoutReminder", "DivideWithoutReminder\DivideWithoutReminder.csproj", "{C930CB3B-A9E3-4D76-80FB-8A0FF92E6D46}"
EndProject
Project("{9A19103F-16F7-4668-BE54-9A1E7A4F7556}") = "Salary", "Salary\Salary.csproj", "{1D49E290-8B88-4177-89CC-A196CD3D1E19}"
EndProject
Project("{9A19103F-16F7-4668-BE54-9A1E7A4F7556}") = "ReadText", "ReadText\ReadText.csproj", "{E854AE5D-6469-4F59-B247-423015D51109}"
EndProject
Project("{9A19103F-16F7-4668-BE54-9A1E7A4F7556}") = "Password", "Password\Password.csproj", "{BF53145C-CD51-4C40-A197-87F68B1CBCF0}"
EndProject
Project("{9A19103F-16F7-4668-BE54-9A1E7A4F7556}") = "SumNumbers(whileLoop)", "SumNumbers(whileLoop)\SumNumbers(whileLoop).csproj", "{A7CEC3DD-4E07-4078-AA9F-FB374452A561}"
EndProject
Project("{9A19103F-16F7-4668-BE54-9A1E7A4F7556}") = "2kPlus1", "2kPlus1\2kPlus1.csproj", "{C83B0BF1-F7F5-4760-9686-B059F6AC671C}"
EndProject
Project("{9A19103F-16F7-4668-BE54-9A1E7A4F7556}") = "AccountBalance", "AccountBalance\AccountBalance.csproj", "{D35B6522-82B0-48EF-97B7-988D59556D2E}"
EndProject
Project("{FAE04EC0-301F-11D3-BF4B-00C04F79EFBC}") = "MaxNumber", "MaxNumber\MaxNumber.csproj", "{DB977054-D968-4BA3-AB41-CA4E2F2F872F}"
EndProject
Project("{FAE04EC0-301F-11D3-BF4B-00C04F79EFBC}") = "MinNumber", "MinNumber\MinNumber.csproj", "{3974AEBA-5783-49B1-842B-3F7956045897}"
EndProject
Project("{FAE04EC0-301F-11D3-BF4B-00C04F79EFBC}") = "GraduationPt2", "GraduationPt2\GraduationPt2.csproj", "{A37EA15A-2128-42C7-A19B-AE41C2DF4241}"
EndProject
Project("{FAE04EC0-301F-11D3-BF4B-00C04F79EFBC}") = "Moving", "Moving\Moving.csproj", "{CC790C50-67F2-495B-8E8A-B40BC2B4D5DA}"
EndProject
Project("{FAE04EC0-301F-11D3-BF4B-00C04F79EFBC}") = "OldLibrary", "OldLibrary\OldLibrary.csproj", "{38936958-C6E6-407D-9245-ACF332B34ABB}"
EndProject
Project("{FAE04EC0-301F-11D3-BF4B-00C04F79EFBC}") = "ExamPreparation", "ExamPreparation\ExamPreparation.csproj", "{22516328-4B76-4CA6-ADF1-828EE749A428}"
EndProject
Project("{FAE04EC0-301F-11D3-BF4B-00C04F79EFBC}") = "Vacation", "Vacation\Vacation.csproj", "{172981D5-CE68-4C1D-8F0E-AE6760E1C419}"
EndProject
Project("{FAE04EC0-301F-11D3-BF4B-00C04F79EFBC}") = "StepCounter", "StepCounter\StepCounter.csproj", "{5899A49E-5E98-4A78-96FE-793C06EBA204}"
EndProject
Project("{FAE04EC0-301F-11D3-BF4B-00C04F79EFBC}") = "Coins", "Coins\Coins.csproj", "{AA234235-5B1B-428D-AB75-E72584B52F5D}"
EndProject
Project("{FAE04EC0-301F-11D3-BF4B-00C04F79EFBC}") = "Cake", "Cake\Cake.csproj", "{AE1B59C8-C2EF-474E-B095-CA848804056F}"
EndProject
Project("{FAE04EC0-301F-11D3-BF4B-00C04F79EFBC}") = "Clock(nestedLoops)", "Clock(nestedLoops)\Clock(nestedLoops).csproj", "{F8C7BEEC-99C6-46E3-B35E-91701E035147}"
EndProject
Project("{FAE04EC0-301F-11D3-BF4B-00C04F79EFBC}") = "MultiplicationTable", "MultiplicationTable\MultiplicationTable.csproj", "{9A2DDE09-074C-4B1A-BE52-7E8CCD2867AF}"
EndProject
Project("{FAE04EC0-301F-11D3-BF4B-00C04F79EFBC}") = "Combinations", "Combinations\Combinations.csproj", "{76CFE805-FE62-4F2D-957B-2C7C5648C831}"
EndProject
Project("{FAE04EC0-301F-11D3-BF4B-00C04F79EFBC}") = "MagicNumber", "MagicNumber\MagicNumber.csproj", "{C7FC2C56-57FF-4E69-AB83-F90989F336A1}"
EndProject
Global
	GlobalSection(SolutionConfigurationPlatforms) = preSolution
		Debug|Any CPU = Debug|Any CPU
		Release|Any CPU = Release|Any CPU
	EndGlobalSection
	GlobalSection(ProjectConfigurationPlatforms) = postSolution
		{BB403261-65FD-424E-89CF-C63223F1A30B}.Debug|Any CPU.ActiveCfg = Debug|Any CPU
		{BB403261-65FD-424E-89CF-C63223F1A30B}.Debug|Any CPU.Build.0 = Debug|Any CPU
		{BB403261-65FD-424E-89CF-C63223F1A30B}.Release|Any CPU.ActiveCfg = Release|Any CPU
		{BB403261-65FD-424E-89CF-C63223F1A30B}.Release|Any CPU.Build.0 = Release|Any CPU
		{8A805D70-A140-40C7-9695-14ACFCC00673}.Debug|Any CPU.ActiveCfg = Debug|Any CPU
		{8A805D70-A140-40C7-9695-14ACFCC00673}.Debug|Any CPU.Build.0 = Debug|Any CPU
		{8A805D70-A140-40C7-9695-14ACFCC00673}.Release|Any CPU.ActiveCfg = Release|Any CPU
		{8A805D70-A140-40C7-9695-14ACFCC00673}.Release|Any CPU.Build.0 = Release|Any CPU
		{760AE626-2ACA-4DDA-AD31-FA8828E2747F}.Debug|Any CPU.ActiveCfg = Debug|Any CPU
		{760AE626-2ACA-4DDA-AD31-FA8828E2747F}.Debug|Any CPU.Build.0 = Debug|Any CPU
		{760AE626-2ACA-4DDA-AD31-FA8828E2747F}.Release|Any CPU.ActiveCfg = Release|Any CPU
		{760AE626-2ACA-4DDA-AD31-FA8828E2747F}.Release|Any CPU.Build.0 = Release|Any CPU
		{B8E90C47-72FF-4DDF-925D-AA354C309A0C}.Debug|Any CPU.ActiveCfg = Debug|Any CPU
		{B8E90C47-72FF-4DDF-925D-AA354C309A0C}.Debug|Any CPU.Build.0 = Debug|Any CPU
		{B8E90C47-72FF-4DDF-925D-AA354C309A0C}.Release|Any CPU.ActiveCfg = Release|Any CPU
		{B8E90C47-72FF-4DDF-925D-AA354C309A0C}.Release|Any CPU.Build.0 = Release|Any CPU
		{1DE89CD5-DFC3-4E6D-8740-EF993FBDB85D}.Debug|Any CPU.ActiveCfg = Debug|Any CPU
		{1DE89CD5-DFC3-4E6D-8740-EF993FBDB85D}.Debug|Any CPU.Build.0 = Debug|Any CPU
		{1DE89CD5-DFC3-4E6D-8740-EF993FBDB85D}.Release|Any CPU.ActiveCfg = Release|Any CPU
		{1DE89CD5-DFC3-4E6D-8740-EF993FBDB85D}.Release|Any CPU.Build.0 = Release|Any CPU
		{23871362-8CA0-4670-94CD-98D8DFA628D0}.Debug|Any CPU.ActiveCfg = Debug|Any CPU
		{23871362-8CA0-4670-94CD-98D8DFA628D0}.Debug|Any CPU.Build.0 = Debug|Any CPU
		{23871362-8CA0-4670-94CD-98D8DFA628D0}.Release|Any CPU.ActiveCfg = Release|Any CPU
		{23871362-8CA0-4670-94CD-98D8DFA628D0}.Release|Any CPU.Build.0 = Release|Any CPU
		{304C1A04-4D5C-4AC0-A8C8-43C7B931A41F}.Debug|Any CPU.ActiveCfg = Debug|Any CPU
		{304C1A04-4D5C-4AC0-A8C8-43C7B931A41F}.Debug|Any CPU.Build.0 = Debug|Any CPU
		{304C1A04-4D5C-4AC0-A8C8-43C7B931A41F}.Release|Any CPU.ActiveCfg = Release|Any CPU
		{304C1A04-4D5C-4AC0-A8C8-43C7B931A41F}.Release|Any CPU.Build.0 = Release|Any CPU
		{F9AFEB28-3903-473E-9582-0F09A38C7A0D}.Debug|Any CPU.ActiveCfg = Debug|Any CPU
		{F9AFEB28-3903-473E-9582-0F09A38C7A0D}.Debug|Any CPU.Build.0 = Debug|Any CPU
		{F9AFEB28-3903-473E-9582-0F09A38C7A0D}.Release|Any CPU.ActiveCfg = Release|Any CPU
		{F9AFEB28-3903-473E-9582-0F09A38C7A0D}.Release|Any CPU.Build.0 = Release|Any CPU
		{126D585E-F196-4EFA-8387-3AB851EA03E2}.Debug|Any CPU.ActiveCfg = Debug|Any CPU
		{126D585E-F196-4EFA-8387-3AB851EA03E2}.Debug|Any CPU.Build.0 = Debug|Any CPU
		{126D585E-F196-4EFA-8387-3AB851EA03E2}.Release|Any CPU.ActiveCfg = Release|Any CPU
		{126D585E-F196-4EFA-8387-3AB851EA03E2}.Release|Any CPU.Build.0 = Release|Any CPU
		{5076833A-4828-42D8-893A-0B1A70229B52}.Debug|Any CPU.ActiveCfg = Debug|Any CPU
		{5076833A-4828-42D8-893A-0B1A70229B52}.Debug|Any CPU.Build.0 = Debug|Any CPU
		{5076833A-4828-42D8-893A-0B1A70229B52}.Release|Any CPU.ActiveCfg = Release|Any CPU
		{5076833A-4828-42D8-893A-0B1A70229B52}.Release|Any CPU.Build.0 = Release|Any CPU
		{AD59F1FD-BB04-4DEC-B45B-AC2369A07CBC}.Debug|Any CPU.ActiveCfg = Debug|Any CPU
		{AD59F1FD-BB04-4DEC-B45B-AC2369A07CBC}.Debug|Any CPU.Build.0 = Debug|Any CPU
		{AD59F1FD-BB04-4DEC-B45B-AC2369A07CBC}.Release|Any CPU.ActiveCfg = Release|Any CPU
		{AD59F1FD-BB04-4DEC-B45B-AC2369A07CBC}.Release|Any CPU.Build.0 = Release|Any CPU
		{CD2F7FE3-B557-4C44-BEF4-3E7CBE1C9A86}.Debug|Any CPU.ActiveCfg = Debug|Any CPU
		{CD2F7FE3-B557-4C44-BEF4-3E7CBE1C9A86}.Debug|Any CPU.Build.0 = Debug|Any CPU
		{CD2F7FE3-B557-4C44-BEF4-3E7CBE1C9A86}.Release|Any CPU.ActiveCfg = Release|Any CPU
		{CD2F7FE3-B557-4C44-BEF4-3E7CBE1C9A86}.Release|Any CPU.Build.0 = Release|Any CPU
		{2DC7DFD0-0AA3-4F92-A8E5-5FB826849BEE}.Debug|Any CPU.ActiveCfg = Debug|Any CPU
		{2DC7DFD0-0AA3-4F92-A8E5-5FB826849BEE}.Debug|Any CPU.Build.0 = Debug|Any CPU
		{2DC7DFD0-0AA3-4F92-A8E5-5FB826849BEE}.Release|Any CPU.ActiveCfg = Release|Any CPU
		{2DC7DFD0-0AA3-4F92-A8E5-5FB826849BEE}.Release|Any CPU.Build.0 = Release|Any CPU
		{B89B19F1-E660-48CA-ACD3-9ABEBD6403A0}.Debug|Any CPU.ActiveCfg = Debug|Any CPU
		{B89B19F1-E660-48CA-ACD3-9ABEBD6403A0}.Debug|Any CPU.Build.0 = Debug|Any CPU
		{B89B19F1-E660-48CA-ACD3-9ABEBD6403A0}.Release|Any CPU.ActiveCfg = Release|Any CPU
		{B89B19F1-E660-48CA-ACD3-9ABEBD6403A0}.Release|Any CPU.Build.0 = Release|Any CPU
		{D5099137-833B-41FB-95BC-26BF8EE2AFFF}.Debug|Any CPU.ActiveCfg = Debug|Any CPU
		{D5099137-833B-41FB-95BC-26BF8EE2AFFF}.Debug|Any CPU.Build.0 = Debug|Any CPU
		{D5099137-833B-41FB-95BC-26BF8EE2AFFF}.Release|Any CPU.ActiveCfg = Release|Any CPU
		{D5099137-833B-41FB-95BC-26BF8EE2AFFF}.Release|Any CPU.Build.0 = Release|Any CPU
		{4209A316-4740-4657-9595-C6348FDB0058}.Debug|Any CPU.ActiveCfg = Debug|Any CPU
		{4209A316-4740-4657-9595-C6348FDB0058}.Debug|Any CPU.Build.0 = Debug|Any CPU
		{4209A316-4740-4657-9595-C6348FDB0058}.Release|Any CPU.ActiveCfg = Release|Any CPU
		{4209A316-4740-4657-9595-C6348FDB0058}.Release|Any CPU.Build.0 = Release|Any CPU
		{CC37F154-5E45-4684-8D9E-C6CD2FFF2059}.Debug|Any CPU.ActiveCfg = Debug|Any CPU
		{CC37F154-5E45-4684-8D9E-C6CD2FFF2059}.Debug|Any CPU.Build.0 = Debug|Any CPU
		{CC37F154-5E45-4684-8D9E-C6CD2FFF2059}.Release|Any CPU.ActiveCfg = Release|Any CPU
		{CC37F154-5E45-4684-8D9E-C6CD2FFF2059}.Release|Any CPU.Build.0 = Release|Any CPU
		{24FE0EDD-FCAA-4FD7-AECB-DDB05FEA4207}.Debug|Any CPU.ActiveCfg = Debug|Any CPU
		{24FE0EDD-FCAA-4FD7-AECB-DDB05FEA4207}.Debug|Any CPU.Build.0 = Debug|Any CPU
		{24FE0EDD-FCAA-4FD7-AECB-DDB05FEA4207}.Release|Any CPU.ActiveCfg = Release|Any CPU
		{24FE0EDD-FCAA-4FD7-AECB-DDB05FEA4207}.Release|Any CPU.Build.0 = Release|Any CPU
		{9B533803-420F-403F-A00E-5EA392226250}.Debug|Any CPU.ActiveCfg = Debug|Any CPU
		{9B533803-420F-403F-A00E-5EA392226250}.Debug|Any CPU.Build.0 = Debug|Any CPU
		{9B533803-420F-403F-A00E-5EA392226250}.Release|Any CPU.ActiveCfg = Release|Any CPU
		{9B533803-420F-403F-A00E-5EA392226250}.Release|Any CPU.Build.0 = Release|Any CPU
		{593B3E9C-5464-412D-8A47-DA83BD69A100}.Debug|Any CPU.ActiveCfg = Debug|Any CPU
		{593B3E9C-5464-412D-8A47-DA83BD69A100}.Debug|Any CPU.Build.0 = Debug|Any CPU
		{593B3E9C-5464-412D-8A47-DA83BD69A100}.Release|Any CPU.ActiveCfg = Release|Any CPU
		{593B3E9C-5464-412D-8A47-DA83BD69A100}.Release|Any CPU.Build.0 = Release|Any CPU
		{495C6FA9-A10E-4407-9B6F-2ADD8CFF18C5}.Debug|Any CPU.ActiveCfg = Debug|Any CPU
		{495C6FA9-A10E-4407-9B6F-2ADD8CFF18C5}.Debug|Any CPU.Build.0 = Debug|Any CPU
		{495C6FA9-A10E-4407-9B6F-2ADD8CFF18C5}.Release|Any CPU.ActiveCfg = Release|Any CPU
		{495C6FA9-A10E-4407-9B6F-2ADD8CFF18C5}.Release|Any CPU.Build.0 = Release|Any CPU
		{2F304737-4788-4DEF-BCC0-DE342DD4D78D}.Debug|Any CPU.ActiveCfg = Debug|Any CPU
		{2F304737-4788-4DEF-BCC0-DE342DD4D78D}.Debug|Any CPU.Build.0 = Debug|Any CPU
		{2F304737-4788-4DEF-BCC0-DE342DD4D78D}.Release|Any CPU.ActiveCfg = Release|Any CPU
		{2F304737-4788-4DEF-BCC0-DE342DD4D78D}.Release|Any CPU.Build.0 = Release|Any CPU
		{E69A41D9-DB1F-4BFD-9324-C7F93F0BB7B9}.Debug|Any CPU.ActiveCfg = Debug|Any CPU
		{E69A41D9-DB1F-4BFD-9324-C7F93F0BB7B9}.Debug|Any CPU.Build.0 = Debug|Any CPU
		{E69A41D9-DB1F-4BFD-9324-C7F93F0BB7B9}.Release|Any CPU.ActiveCfg = Release|Any CPU
		{E69A41D9-DB1F-4BFD-9324-C7F93F0BB7B9}.Release|Any CPU.Build.0 = Release|Any CPU
		{E2410586-D72D-4C86-BB89-17EA98139951}.Debug|Any CPU.ActiveCfg = Debug|Any CPU
		{E2410586-D72D-4C86-BB89-17EA98139951}.Debug|Any CPU.Build.0 = Debug|Any CPU
		{E2410586-D72D-4C86-BB89-17EA98139951}.Release|Any CPU.ActiveCfg = Release|Any CPU
		{E2410586-D72D-4C86-BB89-17EA98139951}.Release|Any CPU.Build.0 = Release|Any CPU
		{5D0E3499-00AC-4942-A943-569B3913A9D6}.Debug|Any CPU.ActiveCfg = Debug|Any CPU
		{5D0E3499-00AC-4942-A943-569B3913A9D6}.Debug|Any CPU.Build.0 = Debug|Any CPU
		{5D0E3499-00AC-4942-A943-569B3913A9D6}.Release|Any CPU.ActiveCfg = Release|Any CPU
		{5D0E3499-00AC-4942-A943-569B3913A9D6}.Release|Any CPU.Build.0 = Release|Any CPU
		{DCCAC65C-8E3B-4FF1-A91D-5A1C7252E629}.Debug|Any CPU.ActiveCfg = Debug|Any CPU
		{DCCAC65C-8E3B-4FF1-A91D-5A1C7252E629}.Debug|Any CPU.Build.0 = Debug|Any CPU
		{DCCAC65C-8E3B-4FF1-A91D-5A1C7252E629}.Release|Any CPU.ActiveCfg = Release|Any CPU
		{DCCAC65C-8E3B-4FF1-A91D-5A1C7252E629}.Release|Any CPU.Build.0 = Release|Any CPU
		{9E8AF448-D555-43D5-8EC1-27165A19DA6C}.Debug|Any CPU.ActiveCfg = Debug|Any CPU
		{9E8AF448-D555-43D5-8EC1-27165A19DA6C}.Debug|Any CPU.Build.0 = Debug|Any CPU
		{9E8AF448-D555-43D5-8EC1-27165A19DA6C}.Release|Any CPU.ActiveCfg = Release|Any CPU
		{9E8AF448-D555-43D5-8EC1-27165A19DA6C}.Release|Any CPU.Build.0 = Release|Any CPU
		{0D29B69C-F80C-4A76-BA9D-5427BE0CCAA6}.Debug|Any CPU.ActiveCfg = Debug|Any CPU
		{0D29B69C-F80C-4A76-BA9D-5427BE0CCAA6}.Debug|Any CPU.Build.0 = Debug|Any CPU
		{0D29B69C-F80C-4A76-BA9D-5427BE0CCAA6}.Release|Any CPU.ActiveCfg = Release|Any CPU
		{0D29B69C-F80C-4A76-BA9D-5427BE0CCAA6}.Release|Any CPU.Build.0 = Release|Any CPU
		{2B52AF8D-77D8-481C-853D-EF543598AE97}.Debug|Any CPU.ActiveCfg = Debug|Any CPU
		{2B52AF8D-77D8-481C-853D-EF543598AE97}.Debug|Any CPU.Build.0 = Debug|Any CPU
		{2B52AF8D-77D8-481C-853D-EF543598AE97}.Release|Any CPU.ActiveCfg = Release|Any CPU
		{2B52AF8D-77D8-481C-853D-EF543598AE97}.Release|Any CPU.Build.0 = Release|Any CPU
		{E27DACD4-CD3D-424E-83AC-D822CFC84E61}.Debug|Any CPU.ActiveCfg = Debug|Any CPU
		{E27DACD4-CD3D-424E-83AC-D822CFC84E61}.Debug|Any CPU.Build.0 = Debug|Any CPU
		{E27DACD4-CD3D-424E-83AC-D822CFC84E61}.Release|Any CPU.ActiveCfg = Release|Any CPU
		{E27DACD4-CD3D-424E-83AC-D822CFC84E61}.Release|Any CPU.Build.0 = Release|Any CPU
		{A6569FCF-F0FB-4784-8847-EF0D200DC5D2}.Debug|Any CPU.ActiveCfg = Debug|Any CPU
		{A6569FCF-F0FB-4784-8847-EF0D200DC5D2}.Debug|Any CPU.Build.0 = Debug|Any CPU
		{A6569FCF-F0FB-4784-8847-EF0D200DC5D2}.Release|Any CPU.ActiveCfg = Release|Any CPU
		{A6569FCF-F0FB-4784-8847-EF0D200DC5D2}.Release|Any CPU.Build.0 = Release|Any CPU
		{EDA4136D-1349-4DD4-A26C-878F4E1EB8A7}.Debug|Any CPU.ActiveCfg = Debug|Any CPU
		{EDA4136D-1349-4DD4-A26C-878F4E1EB8A7}.Debug|Any CPU.Build.0 = Debug|Any CPU
		{EDA4136D-1349-4DD4-A26C-878F4E1EB8A7}.Release|Any CPU.ActiveCfg = Release|Any CPU
		{EDA4136D-1349-4DD4-A26C-878F4E1EB8A7}.Release|Any CPU.Build.0 = Release|Any CPU
		{2C374C44-42DF-44DD-9F66-C47D4695450C}.Debug|Any CPU.ActiveCfg = Debug|Any CPU
		{2C374C44-42DF-44DD-9F66-C47D4695450C}.Debug|Any CPU.Build.0 = Debug|Any CPU
		{2C374C44-42DF-44DD-9F66-C47D4695450C}.Release|Any CPU.ActiveCfg = Release|Any CPU
		{2C374C44-42DF-44DD-9F66-C47D4695450C}.Release|Any CPU.Build.0 = Release|Any CPU
		{14FED827-066E-4BFA-913F-644FFA72759E}.Debug|Any CPU.ActiveCfg = Debug|Any CPU
		{14FED827-066E-4BFA-913F-644FFA72759E}.Debug|Any CPU.Build.0 = Debug|Any CPU
		{14FED827-066E-4BFA-913F-644FFA72759E}.Release|Any CPU.ActiveCfg = Release|Any CPU
		{14FED827-066E-4BFA-913F-644FFA72759E}.Release|Any CPU.Build.0 = Release|Any CPU
		{A99C2CC2-03C3-4142-ACBC-8E64737B0E31}.Debug|Any CPU.ActiveCfg = Debug|Any CPU
		{A99C2CC2-03C3-4142-ACBC-8E64737B0E31}.Debug|Any CPU.Build.0 = Debug|Any CPU
		{A99C2CC2-03C3-4142-ACBC-8E64737B0E31}.Release|Any CPU.ActiveCfg = Release|Any CPU
		{A99C2CC2-03C3-4142-ACBC-8E64737B0E31}.Release|Any CPU.Build.0 = Release|Any CPU
		{4B5B09C2-DD39-4C13-8539-4AE7985777E1}.Debug|Any CPU.ActiveCfg = Debug|Any CPU
		{4B5B09C2-DD39-4C13-8539-4AE7985777E1}.Debug|Any CPU.Build.0 = Debug|Any CPU
		{4B5B09C2-DD39-4C13-8539-4AE7985777E1}.Release|Any CPU.ActiveCfg = Release|Any CPU
		{4B5B09C2-DD39-4C13-8539-4AE7985777E1}.Release|Any CPU.Build.0 = Release|Any CPU
		{672CA999-F9F2-4BD2-B752-B62B487E9B09}.Debug|Any CPU.ActiveCfg = Debug|Any CPU
		{672CA999-F9F2-4BD2-B752-B62B487E9B09}.Debug|Any CPU.Build.0 = Debug|Any CPU
		{672CA999-F9F2-4BD2-B752-B62B487E9B09}.Release|Any CPU.ActiveCfg = Release|Any CPU
		{672CA999-F9F2-4BD2-B752-B62B487E9B09}.Release|Any CPU.Build.0 = Release|Any CPU
		{ECD03050-B5A6-4B4D-A6BC-39C847DCF2F5}.Debug|Any CPU.ActiveCfg = Debug|Any CPU
		{ECD03050-B5A6-4B4D-A6BC-39C847DCF2F5}.Debug|Any CPU.Build.0 = Debug|Any CPU
		{ECD03050-B5A6-4B4D-A6BC-39C847DCF2F5}.Release|Any CPU.ActiveCfg = Release|Any CPU
		{ECD03050-B5A6-4B4D-A6BC-39C847DCF2F5}.Release|Any CPU.Build.0 = Release|Any CPU
		{788432EA-2466-4675-8E31-BC5D43E63CB1}.Debug|Any CPU.ActiveCfg = Debug|Any CPU
		{788432EA-2466-4675-8E31-BC5D43E63CB1}.Debug|Any CPU.Build.0 = Debug|Any CPU
		{788432EA-2466-4675-8E31-BC5D43E63CB1}.Release|Any CPU.ActiveCfg = Release|Any CPU
		{788432EA-2466-4675-8E31-BC5D43E63CB1}.Release|Any CPU.Build.0 = Release|Any CPU
		{374E9F39-5261-4DCB-A9FD-DEABD3B60CC7}.Debug|Any CPU.ActiveCfg = Debug|Any CPU
		{374E9F39-5261-4DCB-A9FD-DEABD3B60CC7}.Debug|Any CPU.Build.0 = Debug|Any CPU
		{374E9F39-5261-4DCB-A9FD-DEABD3B60CC7}.Release|Any CPU.ActiveCfg = Release|Any CPU
		{374E9F39-5261-4DCB-A9FD-DEABD3B60CC7}.Release|Any CPU.Build.0 = Release|Any CPU
		{1BED20BA-7F67-487B-823F-84A8E92D32B7}.Debug|Any CPU.ActiveCfg = Debug|Any CPU
		{1BED20BA-7F67-487B-823F-84A8E92D32B7}.Debug|Any CPU.Build.0 = Debug|Any CPU
		{1BED20BA-7F67-487B-823F-84A8E92D32B7}.Release|Any CPU.ActiveCfg = Release|Any CPU
		{1BED20BA-7F67-487B-823F-84A8E92D32B7}.Release|Any CPU.Build.0 = Release|Any CPU
		{4E98C726-065E-4E39-9BF6-6CEF727F4919}.Debug|Any CPU.ActiveCfg = Debug|Any CPU
		{4E98C726-065E-4E39-9BF6-6CEF727F4919}.Debug|Any CPU.Build.0 = Debug|Any CPU
		{4E98C726-065E-4E39-9BF6-6CEF727F4919}.Release|Any CPU.ActiveCfg = Release|Any CPU
		{4E98C726-065E-4E39-9BF6-6CEF727F4919}.Release|Any CPU.Build.0 = Release|Any CPU
		{5D04B9F3-141C-4A85-BAF7-B2AE0018AACD}.Debug|Any CPU.ActiveCfg = Debug|Any CPU
		{5D04B9F3-141C-4A85-BAF7-B2AE0018AACD}.Debug|Any CPU.Build.0 = Debug|Any CPU
		{5D04B9F3-141C-4A85-BAF7-B2AE0018AACD}.Release|Any CPU.ActiveCfg = Release|Any CPU
		{5D04B9F3-141C-4A85-BAF7-B2AE0018AACD}.Release|Any CPU.Build.0 = Release|Any CPU
		{617EA9FD-C692-4F77-9FFF-26BDE4E2CCBA}.Debug|Any CPU.ActiveCfg = Debug|Any CPU
		{617EA9FD-C692-4F77-9FFF-26BDE4E2CCBA}.Debug|Any CPU.Build.0 = Debug|Any CPU
		{617EA9FD-C692-4F77-9FFF-26BDE4E2CCBA}.Release|Any CPU.ActiveCfg = Release|Any CPU
		{617EA9FD-C692-4F77-9FFF-26BDE4E2CCBA}.Release|Any CPU.Build.0 = Release|Any CPU
		{8BDFD452-4C0E-480A-8EA2-850B7B3FC81D}.Debug|Any CPU.ActiveCfg = Debug|Any CPU
		{8BDFD452-4C0E-480A-8EA2-850B7B3FC81D}.Debug|Any CPU.Build.0 = Debug|Any CPU
		{8BDFD452-4C0E-480A-8EA2-850B7B3FC81D}.Release|Any CPU.ActiveCfg = Release|Any CPU
		{8BDFD452-4C0E-480A-8EA2-850B7B3FC81D}.Release|Any CPU.Build.0 = Release|Any CPU
		{EBD51E46-5DCC-4AB3-8BA0-31BCC0B73869}.Debug|Any CPU.ActiveCfg = Debug|Any CPU
		{EBD51E46-5DCC-4AB3-8BA0-31BCC0B73869}.Debug|Any CPU.Build.0 = Debug|Any CPU
		{EBD51E46-5DCC-4AB3-8BA0-31BCC0B73869}.Release|Any CPU.ActiveCfg = Release|Any CPU
		{EBD51E46-5DCC-4AB3-8BA0-31BCC0B73869}.Release|Any CPU.Build.0 = Release|Any CPU
		{165EDB27-3D3C-44A0-8794-B3D8E99CCB3E}.Debug|Any CPU.ActiveCfg = Debug|Any CPU
		{165EDB27-3D3C-44A0-8794-B3D8E99CCB3E}.Debug|Any CPU.Build.0 = Debug|Any CPU
		{165EDB27-3D3C-44A0-8794-B3D8E99CCB3E}.Release|Any CPU.ActiveCfg = Release|Any CPU
		{165EDB27-3D3C-44A0-8794-B3D8E99CCB3E}.Release|Any CPU.Build.0 = Release|Any CPU
		{B38C625D-5E1C-4D2A-A9B4-8C4A7E1A8C3C}.Debug|Any CPU.ActiveCfg = Debug|Any CPU
		{B38C625D-5E1C-4D2A-A9B4-8C4A7E1A8C3C}.Debug|Any CPU.Build.0 = Debug|Any CPU
		{B38C625D-5E1C-4D2A-A9B4-8C4A7E1A8C3C}.Release|Any CPU.ActiveCfg = Release|Any CPU
		{B38C625D-5E1C-4D2A-A9B4-8C4A7E1A8C3C}.Release|Any CPU.Build.0 = Release|Any CPU
		{6F594897-1FAA-43A9-A0A5-02ACD1FE8B64}.Debug|Any CPU.ActiveCfg = Debug|Any CPU
		{6F594897-1FAA-43A9-A0A5-02ACD1FE8B64}.Debug|Any CPU.Build.0 = Debug|Any CPU
		{6F594897-1FAA-43A9-A0A5-02ACD1FE8B64}.Release|Any CPU.ActiveCfg = Release|Any CPU
		{6F594897-1FAA-43A9-A0A5-02ACD1FE8B64}.Release|Any CPU.Build.0 = Release|Any CPU
		{4E8DF772-F851-429D-B262-ED85001820E6}.Debug|Any CPU.ActiveCfg = Debug|Any CPU
		{4E8DF772-F851-429D-B262-ED85001820E6}.Debug|Any CPU.Build.0 = Debug|Any CPU
		{4E8DF772-F851-429D-B262-ED85001820E6}.Release|Any CPU.ActiveCfg = Release|Any CPU
		{4E8DF772-F851-429D-B262-ED85001820E6}.Release|Any CPU.Build.0 = Release|Any CPU
		{8DA54490-8A0A-4F4C-B5D1-9065BF666DD4}.Debug|Any CPU.ActiveCfg = Debug|Any CPU
		{8DA54490-8A0A-4F4C-B5D1-9065BF666DD4}.Debug|Any CPU.Build.0 = Debug|Any CPU
		{8DA54490-8A0A-4F4C-B5D1-9065BF666DD4}.Release|Any CPU.ActiveCfg = Release|Any CPU
		{8DA54490-8A0A-4F4C-B5D1-9065BF666DD4}.Release|Any CPU.Build.0 = Release|Any CPU
		{7F523C94-4356-4B0F-9122-B8FB5A470A50}.Debug|Any CPU.ActiveCfg = Debug|Any CPU
		{7F523C94-4356-4B0F-9122-B8FB5A470A50}.Debug|Any CPU.Build.0 = Debug|Any CPU
		{7F523C94-4356-4B0F-9122-B8FB5A470A50}.Release|Any CPU.ActiveCfg = Release|Any CPU
		{7F523C94-4356-4B0F-9122-B8FB5A470A50}.Release|Any CPU.Build.0 = Release|Any CPU
		{E2BBF9E2-147C-4C48-AFE0-852D8D2E9887}.Debug|Any CPU.ActiveCfg = Debug|Any CPU
		{E2BBF9E2-147C-4C48-AFE0-852D8D2E9887}.Debug|Any CPU.Build.0 = Debug|Any CPU
		{E2BBF9E2-147C-4C48-AFE0-852D8D2E9887}.Release|Any CPU.ActiveCfg = Release|Any CPU
		{E2BBF9E2-147C-4C48-AFE0-852D8D2E9887}.Release|Any CPU.Build.0 = Release|Any CPU
		{60E77784-6BAE-4295-BB88-100C7BE97EBA}.Debug|Any CPU.ActiveCfg = Debug|Any CPU
		{60E77784-6BAE-4295-BB88-100C7BE97EBA}.Debug|Any CPU.Build.0 = Debug|Any CPU
		{60E77784-6BAE-4295-BB88-100C7BE97EBA}.Release|Any CPU.ActiveCfg = Release|Any CPU
		{60E77784-6BAE-4295-BB88-100C7BE97EBA}.Release|Any CPU.Build.0 = Release|Any CPU
		{611A5A53-6231-4F92-9C97-3DF378D9A208}.Debug|Any CPU.ActiveCfg = Debug|Any CPU
		{611A5A53-6231-4F92-9C97-3DF378D9A208}.Debug|Any CPU.Build.0 = Debug|Any CPU
		{611A5A53-6231-4F92-9C97-3DF378D9A208}.Release|Any CPU.ActiveCfg = Release|Any CPU
		{611A5A53-6231-4F92-9C97-3DF378D9A208}.Release|Any CPU.Build.0 = Release|Any CPU
		{180E4E5C-C730-4EB5-8DD3-8660BEF49552}.Debug|Any CPU.ActiveCfg = Debug|Any CPU
		{180E4E5C-C730-4EB5-8DD3-8660BEF49552}.Debug|Any CPU.Build.0 = Debug|Any CPU
		{180E4E5C-C730-4EB5-8DD3-8660BEF49552}.Release|Any CPU.ActiveCfg = Release|Any CPU
		{180E4E5C-C730-4EB5-8DD3-8660BEF49552}.Release|Any CPU.Build.0 = Release|Any CPU
		{EE74C810-8DD9-4895-8E6F-5A0BA6BCB034}.Debug|Any CPU.ActiveCfg = Debug|Any CPU
		{EE74C810-8DD9-4895-8E6F-5A0BA6BCB034}.Debug|Any CPU.Build.0 = Debug|Any CPU
		{EE74C810-8DD9-4895-8E6F-5A0BA6BCB034}.Release|Any CPU.ActiveCfg = Release|Any CPU
		{EE74C810-8DD9-4895-8E6F-5A0BA6BCB034}.Release|Any CPU.Build.0 = Release|Any CPU
		{47AC3235-3667-4539-B37D-8926A5DF6721}.Debug|Any CPU.ActiveCfg = Debug|Any CPU
		{47AC3235-3667-4539-B37D-8926A5DF6721}.Debug|Any CPU.Build.0 = Debug|Any CPU
		{47AC3235-3667-4539-B37D-8926A5DF6721}.Release|Any CPU.ActiveCfg = Release|Any CPU
		{47AC3235-3667-4539-B37D-8926A5DF6721}.Release|Any CPU.Build.0 = Release|Any CPU
		{1EC3296B-BFF4-4644-9510-82BF98C744B8}.Debug|Any CPU.ActiveCfg = Debug|Any CPU
		{1EC3296B-BFF4-4644-9510-82BF98C744B8}.Debug|Any CPU.Build.0 = Debug|Any CPU
		{1EC3296B-BFF4-4644-9510-82BF98C744B8}.Release|Any CPU.ActiveCfg = Release|Any CPU
		{1EC3296B-BFF4-4644-9510-82BF98C744B8}.Release|Any CPU.Build.0 = Release|Any CPU
		{C930CB3B-A9E3-4D76-80FB-8A0FF92E6D46}.Debug|Any CPU.ActiveCfg = Debug|Any CPU
		{C930CB3B-A9E3-4D76-80FB-8A0FF92E6D46}.Debug|Any CPU.Build.0 = Debug|Any CPU
		{C930CB3B-A9E3-4D76-80FB-8A0FF92E6D46}.Release|Any CPU.ActiveCfg = Release|Any CPU
		{C930CB3B-A9E3-4D76-80FB-8A0FF92E6D46}.Release|Any CPU.Build.0 = Release|Any CPU
		{1D49E290-8B88-4177-89CC-A196CD3D1E19}.Debug|Any CPU.ActiveCfg = Debug|Any CPU
		{1D49E290-8B88-4177-89CC-A196CD3D1E19}.Debug|Any CPU.Build.0 = Debug|Any CPU
		{1D49E290-8B88-4177-89CC-A196CD3D1E19}.Release|Any CPU.ActiveCfg = Release|Any CPU
		{1D49E290-8B88-4177-89CC-A196CD3D1E19}.Release|Any CPU.Build.0 = Release|Any CPU
		{E854AE5D-6469-4F59-B247-423015D51109}.Debug|Any CPU.ActiveCfg = Debug|Any CPU
		{E854AE5D-6469-4F59-B247-423015D51109}.Debug|Any CPU.Build.0 = Debug|Any CPU
		{E854AE5D-6469-4F59-B247-423015D51109}.Release|Any CPU.ActiveCfg = Release|Any CPU
		{E854AE5D-6469-4F59-B247-423015D51109}.Release|Any CPU.Build.0 = Release|Any CPU
		{BF53145C-CD51-4C40-A197-87F68B1CBCF0}.Debug|Any CPU.ActiveCfg = Debug|Any CPU
		{BF53145C-CD51-4C40-A197-87F68B1CBCF0}.Debug|Any CPU.Build.0 = Debug|Any CPU
		{BF53145C-CD51-4C40-A197-87F68B1CBCF0}.Release|Any CPU.ActiveCfg = Release|Any CPU
		{BF53145C-CD51-4C40-A197-87F68B1CBCF0}.Release|Any CPU.Build.0 = Release|Any CPU
		{A7CEC3DD-4E07-4078-AA9F-FB374452A561}.Debug|Any CPU.ActiveCfg = Debug|Any CPU
		{A7CEC3DD-4E07-4078-AA9F-FB374452A561}.Debug|Any CPU.Build.0 = Debug|Any CPU
		{A7CEC3DD-4E07-4078-AA9F-FB374452A561}.Release|Any CPU.ActiveCfg = Release|Any CPU
		{A7CEC3DD-4E07-4078-AA9F-FB374452A561}.Release|Any CPU.Build.0 = Release|Any CPU
		{C83B0BF1-F7F5-4760-9686-B059F6AC671C}.Debug|Any CPU.ActiveCfg = Debug|Any CPU
		{C83B0BF1-F7F5-4760-9686-B059F6AC671C}.Debug|Any CPU.Build.0 = Debug|Any CPU
		{C83B0BF1-F7F5-4760-9686-B059F6AC671C}.Release|Any CPU.ActiveCfg = Release|Any CPU
		{C83B0BF1-F7F5-4760-9686-B059F6AC671C}.Release|Any CPU.Build.0 = Release|Any CPU
		{D35B6522-82B0-48EF-97B7-988D59556D2E}.Debug|Any CPU.ActiveCfg = Debug|Any CPU
		{D35B6522-82B0-48EF-97B7-988D59556D2E}.Debug|Any CPU.Build.0 = Debug|Any CPU
		{D35B6522-82B0-48EF-97B7-988D59556D2E}.Release|Any CPU.ActiveCfg = Release|Any CPU
		{D35B6522-82B0-48EF-97B7-988D59556D2E}.Release|Any CPU.Build.0 = Release|Any CPU
		{DB977054-D968-4BA3-AB41-CA4E2F2F872F}.Debug|Any CPU.ActiveCfg = Debug|Any CPU
		{DB977054-D968-4BA3-AB41-CA4E2F2F872F}.Debug|Any CPU.Build.0 = Debug|Any CPU
		{DB977054-D968-4BA3-AB41-CA4E2F2F872F}.Release|Any CPU.ActiveCfg = Release|Any CPU
		{DB977054-D968-4BA3-AB41-CA4E2F2F872F}.Release|Any CPU.Build.0 = Release|Any CPU
		{3974AEBA-5783-49B1-842B-3F7956045897}.Debug|Any CPU.ActiveCfg = Debug|Any CPU
		{3974AEBA-5783-49B1-842B-3F7956045897}.Debug|Any CPU.Build.0 = Debug|Any CPU
		{3974AEBA-5783-49B1-842B-3F7956045897}.Release|Any CPU.ActiveCfg = Release|Any CPU
		{3974AEBA-5783-49B1-842B-3F7956045897}.Release|Any CPU.Build.0 = Release|Any CPU
		{A37EA15A-2128-42C7-A19B-AE41C2DF4241}.Debug|Any CPU.ActiveCfg = Debug|Any CPU
		{A37EA15A-2128-42C7-A19B-AE41C2DF4241}.Debug|Any CPU.Build.0 = Debug|Any CPU
		{A37EA15A-2128-42C7-A19B-AE41C2DF4241}.Release|Any CPU.ActiveCfg = Release|Any CPU
		{A37EA15A-2128-42C7-A19B-AE41C2DF4241}.Release|Any CPU.Build.0 = Release|Any CPU
		{CC790C50-67F2-495B-8E8A-B40BC2B4D5DA}.Debug|Any CPU.ActiveCfg = Debug|Any CPU
		{CC790C50-67F2-495B-8E8A-B40BC2B4D5DA}.Debug|Any CPU.Build.0 = Debug|Any CPU
		{CC790C50-67F2-495B-8E8A-B40BC2B4D5DA}.Release|Any CPU.ActiveCfg = Release|Any CPU
		{CC790C50-67F2-495B-8E8A-B40BC2B4D5DA}.Release|Any CPU.Build.0 = Release|Any CPU
		{38936958-C6E6-407D-9245-ACF332B34ABB}.Debug|Any CPU.ActiveCfg = Debug|Any CPU
		{38936958-C6E6-407D-9245-ACF332B34ABB}.Debug|Any CPU.Build.0 = Debug|Any CPU
		{38936958-C6E6-407D-9245-ACF332B34ABB}.Release|Any CPU.ActiveCfg = Release|Any CPU
		{38936958-C6E6-407D-9245-ACF332B34ABB}.Release|Any CPU.Build.0 = Release|Any CPU
		{22516328-4B76-4CA6-ADF1-828EE749A428}.Debug|Any CPU.ActiveCfg = Debug|Any CPU
		{22516328-4B76-4CA6-ADF1-828EE749A428}.Debug|Any CPU.Build.0 = Debug|Any CPU
		{22516328-4B76-4CA6-ADF1-828EE749A428}.Release|Any CPU.ActiveCfg = Release|Any CPU
		{22516328-4B76-4CA6-ADF1-828EE749A428}.Release|Any CPU.Build.0 = Release|Any CPU
		{172981D5-CE68-4C1D-8F0E-AE6760E1C419}.Debug|Any CPU.ActiveCfg = Debug|Any CPU
		{172981D5-CE68-4C1D-8F0E-AE6760E1C419}.Debug|Any CPU.Build.0 = Debug|Any CPU
		{172981D5-CE68-4C1D-8F0E-AE6760E1C419}.Release|Any CPU.ActiveCfg = Release|Any CPU
		{172981D5-CE68-4C1D-8F0E-AE6760E1C419}.Release|Any CPU.Build.0 = Release|Any CPU
		{5899A49E-5E98-4A78-96FE-793C06EBA204}.Debug|Any CPU.ActiveCfg = Debug|Any CPU
		{5899A49E-5E98-4A78-96FE-793C06EBA204}.Debug|Any CPU.Build.0 = Debug|Any CPU
		{5899A49E-5E98-4A78-96FE-793C06EBA204}.Release|Any CPU.ActiveCfg = Release|Any CPU
		{5899A49E-5E98-4A78-96FE-793C06EBA204}.Release|Any CPU.Build.0 = Release|Any CPU
		{AA234235-5B1B-428D-AB75-E72584B52F5D}.Debug|Any CPU.ActiveCfg = Debug|Any CPU
		{AA234235-5B1B-428D-AB75-E72584B52F5D}.Debug|Any CPU.Build.0 = Debug|Any CPU
		{AA234235-5B1B-428D-AB75-E72584B52F5D}.Release|Any CPU.ActiveCfg = Release|Any CPU
		{AA234235-5B1B-428D-AB75-E72584B52F5D}.Release|Any CPU.Build.0 = Release|Any CPU
		{AE1B59C8-C2EF-474E-B095-CA848804056F}.Debug|Any CPU.ActiveCfg = Debug|Any CPU
		{AE1B59C8-C2EF-474E-B095-CA848804056F}.Debug|Any CPU.Build.0 = Debug|Any CPU
		{AE1B59C8-C2EF-474E-B095-CA848804056F}.Release|Any CPU.ActiveCfg = Release|Any CPU
		{AE1B59C8-C2EF-474E-B095-CA848804056F}.Release|Any CPU.Build.0 = Release|Any CPU
		{F8C7BEEC-99C6-46E3-B35E-91701E035147}.Debug|Any CPU.ActiveCfg = Debug|Any CPU
		{F8C7BEEC-99C6-46E3-B35E-91701E035147}.Debug|Any CPU.Build.0 = Debug|Any CPU
		{F8C7BEEC-99C6-46E3-B35E-91701E035147}.Release|Any CPU.ActiveCfg = Release|Any CPU
		{F8C7BEEC-99C6-46E3-B35E-91701E035147}.Release|Any CPU.Build.0 = Release|Any CPU
		{9A2DDE09-074C-4B1A-BE52-7E8CCD2867AF}.Debug|Any CPU.ActiveCfg = Debug|Any CPU
		{9A2DDE09-074C-4B1A-BE52-7E8CCD2867AF}.Debug|Any CPU.Build.0 = Debug|Any CPU
		{9A2DDE09-074C-4B1A-BE52-7E8CCD2867AF}.Release|Any CPU.ActiveCfg = Release|Any CPU
		{9A2DDE09-074C-4B1A-BE52-7E8CCD2867AF}.Release|Any CPU.Build.0 = Release|Any CPU
		{76CFE805-FE62-4F2D-957B-2C7C5648C831}.Debug|Any CPU.ActiveCfg = Debug|Any CPU
		{76CFE805-FE62-4F2D-957B-2C7C5648C831}.Debug|Any CPU.Build.0 = Debug|Any CPU
		{76CFE805-FE62-4F2D-957B-2C7C5648C831}.Release|Any CPU.ActiveCfg = Release|Any CPU
		{76CFE805-FE62-4F2D-957B-2C7C5648C831}.Release|Any CPU.Build.0 = Release|Any CPU
		{C7FC2C56-57FF-4E69-AB83-F90989F336A1}.Debug|Any CPU.ActiveCfg = Debug|Any CPU
		{C7FC2C56-57FF-4E69-AB83-F90989F336A1}.Debug|Any CPU.Build.0 = Debug|Any CPU
		{C7FC2C56-57FF-4E69-AB83-F90989F336A1}.Release|Any CPU.ActiveCfg = Release|Any CPU
		{C7FC2C56-57FF-4E69-AB83-F90989F336A1}.Release|Any CPU.Build.0 = Release|Any CPU
	EndGlobalSection
	GlobalSection(SolutionProperties) = preSolution
		HideSolutionNode = FALSE
	EndGlobalSection
	GlobalSection(ExtensibilityGlobals) = postSolution
		SolutionGuid = {102C099F-AE35-49D3-8F0A-DE45D9951E6A}
	EndGlobalSection
EndGlobal
